
Microsoft Visual Studio Solution File, Format Version 12.00
Project("{FAE04EC0-301F-11D3-BF4B-00C04F79EFBC}") = "DoubleLinekedList", "DoubleLinekedList\DoubleLinekedList.csproj", "{FAA83194-4B5D-48C0-87EB-BACE1EF5165E}"
EndProject
Global
	GlobalSection(SolutionConfigurationPlatforms) = preSolution
		Debug|Any CPU = Debug|Any CPU
		Release|Any CPU = Release|Any CPU
	EndGlobalSection
	GlobalSection(ProjectConfigurationPlatforms) = postSolution
		{FAA83194-4B5D-48C0-87EB-BACE1EF5165E}.Debug|Any CPU.ActiveCfg = Debug|Any CPU
		{FAA83194-4B5D-48C0-87EB-BACE1EF5165E}.Debug|Any CPU.Build.0 = Debug|Any CPU
		{FAA83194-4B5D-48C0-87EB-BACE1EF5165E}.Release|Any CPU.ActiveCfg = Release|Any CPU
		{FAA83194-4B5D-48C0-87EB-BACE1EF5165E}.Release|Any CPU.Build.0 = Release|Any CPU
	EndGlobalSection
EndGlobal
